{
  "name": "loaders-css",
  "version": "1.0.0",
  "lockfileVersion": 1,
  "requires": true,
  "dependencies": {
    "loaders.css": {
      "version": "0.1.2",
      "resolved": "http://registry.npm.taobao.org/loaders.css/download/loaders.css-0.1.2.tgz",
      "integrity": "sha1-Op+0NybHMzSjgUKvnQYpAZtlh0M="
    }
  }
}
